
Microsoft Visual Studio Solution File, Format Version 12.00
Project("{FAE04EC0-301F-11D3-BF4B-00C04F79EFBC}") = "Friflo.Json.Tests", "Json.Tests\Friflo.Json.Tests.csproj", "{6410478E-2F5C-4F74-9428-D11630F85916}"
EndProject
Project("{FAE04EC0-301F-11D3-BF4B-00C04F79EFBC}") = "Friflo.Json.Burst", "Json\Burst\Friflo.Json.Burst.csproj", "{AA13E9BB-3549-4ABB-8B7E-5D2B3BC1755D}"
EndProject
Project("{FAE04EC0-301F-11D3-BF4B-00C04F79EFBC}") = "Friflo.Json.Fliox", "Json\Fliox\Friflo.Json.Fliox.csproj", "{C45F68CA-9E64-4A37-8188-A93198A51E36}"
EndProject
Project("{FAE04EC0-301F-11D3-BF4B-00C04F79EFBC}") = "Friflo.Json.Fliox.Hub.Cosmos", "Json\Fliox.Hub.Cosmos\Friflo.Json.Fliox.Hub.Cosmos.csproj", "{62AB91E6-3C0E-4DD6-966E-AE4594452C01}"
EndProject
Project("{FAE04EC0-301F-11D3-BF4B-00C04F79EFBC}") = "Friflo.Json.Fliox.Hub", "Json\Fliox.Hub\Friflo.Json.Fliox.Hub.csproj", "{C0C7ECC7-D621-4BA0-AD31-687EEA6FE981}"
EndProject
Project("{FAE04EC0-301F-11D3-BF4B-00C04F79EFBC}") = "Friflo.Playground", "Playground\Friflo.Playground.csproj", "{8E134E2F-5042-445A-B306-DFF6F3E83BEA}"
EndProject
Project("{FAE04EC0-301F-11D3-BF4B-00C04F79EFBC}") = "Friflo.Json.Fliox.Hub.AspNetCore", "Json\Fliox.Hub.AspNetCore\Friflo.Json.Fliox.Hub.AspNetCore.csproj", "{DD715B03-4407-476E-85A8-392A57C00162}"
EndProject
Project("{FAE04EC0-301F-11D3-BF4B-00C04F79EFBC}") = "Friflo.Json.Fliox.Hub.Explorer", "Json\Fliox.Hub.Explorer\Friflo.Json.Fliox.Hub.Explorer.csproj", "{77F2B581-9A0D-40CB-819E-61304ECCE45B}"
EndProject
Project("{FAE04EC0-301F-11D3-BF4B-00C04F79EFBC}") = "DemoHub", "DemoHub\DemoHub.csproj", "{EFF712BE-ECC8-453D-863F-6C3FBA03FC36}"
EndProject
Project("{FAE04EC0-301F-11D3-BF4B-00C04F79EFBC}") = "Friflo.Json.Fliox.Hub.GraphQL", "Json\Fliox.Hub.GraphQL\Friflo.Json.Fliox.Hub.GraphQL.csproj", "{EBA4D394-3D6B-4A31-AE0C-D47142812515}"
EndProject
Project("{FAE04EC0-301F-11D3-BF4B-00C04F79EFBC}") = "TodoHub", "TodoHub\TodoHub.csproj", "{B742CBB8-3F85-4730-AB22-E9681ED842DC}"
EndProject
Project("{FAE04EC0-301F-11D3-BF4B-00C04F79EFBC}") = "Friflo.Json.Fliox.Annotation", "Json\Fliox.Annotation\Friflo.Json.Fliox.Annotation.csproj", "{55C3FDFA-FACE-4D39-A6D9-2A81E020EB0E}"
EndProject
Project("{FAE04EC0-301F-11D3-BF4B-00C04F79EFBC}") = "Todo", "Todo\Todo.csproj", "{81E20638-DC76-4CB2-A5E7-E39538CA9198}"
EndProject
Project("{FAE04EC0-301F-11D3-BF4B-00C04F79EFBC}") = "Demo", "Demo\Demo.csproj", "{B960D817-2BD1-48F4-93A8-E87FA3F64410}"
EndProject
Global
	GlobalSection(SolutionConfigurationPlatforms) = preSolution
		Debug|Any CPU = Debug|Any CPU
		Release|Any CPU = Release|Any CPU
	EndGlobalSection
	GlobalSection(ProjectConfigurationPlatforms) = postSolution
		{6410478E-2F5C-4F74-9428-D11630F85916}.Debug|Any CPU.ActiveCfg = Debug|Any CPU
		{6410478E-2F5C-4F74-9428-D11630F85916}.Debug|Any CPU.Build.0 = Debug|Any CPU
		{6410478E-2F5C-4F74-9428-D11630F85916}.Release|Any CPU.ActiveCfg = Release|Any CPU
		{6410478E-2F5C-4F74-9428-D11630F85916}.Release|Any CPU.Build.0 = Release|Any CPU
		{AA13E9BB-3549-4ABB-8B7E-5D2B3BC1755D}.Debug|Any CPU.ActiveCfg = Debug|Any CPU
		{AA13E9BB-3549-4ABB-8B7E-5D2B3BC1755D}.Debug|Any CPU.Build.0 = Debug|Any CPU
		{AA13E9BB-3549-4ABB-8B7E-5D2B3BC1755D}.Release|Any CPU.ActiveCfg = Release|Any CPU
		{AA13E9BB-3549-4ABB-8B7E-5D2B3BC1755D}.Release|Any CPU.Build.0 = Release|Any CPU
		{C45F68CA-9E64-4A37-8188-A93198A51E36}.Debug|Any CPU.ActiveCfg = Debug|Any CPU
		{C45F68CA-9E64-4A37-8188-A93198A51E36}.Debug|Any CPU.Build.0 = Debug|Any CPU
		{C45F68CA-9E64-4A37-8188-A93198A51E36}.Release|Any CPU.ActiveCfg = Release|Any CPU
		{C45F68CA-9E64-4A37-8188-A93198A51E36}.Release|Any CPU.Build.0 = Release|Any CPU
		{62AB91E6-3C0E-4DD6-966E-AE4594452C01}.Debug|Any CPU.ActiveCfg = Debug|Any CPU
		{62AB91E6-3C0E-4DD6-966E-AE4594452C01}.Debug|Any CPU.Build.0 = Debug|Any CPU
		{62AB91E6-3C0E-4DD6-966E-AE4594452C01}.Release|Any CPU.ActiveCfg = Release|Any CPU
		{62AB91E6-3C0E-4DD6-966E-AE4594452C01}.Release|Any CPU.Build.0 = Release|Any CPU
		{C0C7ECC7-D621-4BA0-AD31-687EEA6FE981}.Debug|Any CPU.ActiveCfg = Debug|Any CPU
		{C0C7ECC7-D621-4BA0-AD31-687EEA6FE981}.Debug|Any CPU.Build.0 = Debug|Any CPU
		{C0C7ECC7-D621-4BA0-AD31-687EEA6FE981}.Release|Any CPU.ActiveCfg = Release|Any CPU
		{C0C7ECC7-D621-4BA0-AD31-687EEA6FE981}.Release|Any CPU.Build.0 = Release|Any CPU
		{8E134E2F-5042-445A-B306-DFF6F3E83BEA}.Debug|Any CPU.ActiveCfg = Debug|Any CPU
		{8E134E2F-5042-445A-B306-DFF6F3E83BEA}.Debug|Any CPU.Build.0 = Debug|Any CPU
		{8E134E2F-5042-445A-B306-DFF6F3E83BEA}.Release|Any CPU.ActiveCfg = Release|Any CPU
		{8E134E2F-5042-445A-B306-DFF6F3E83BEA}.Release|Any CPU.Build.0 = Release|Any CPU
		{DD715B03-4407-476E-85A8-392A57C00162}.Debug|Any CPU.ActiveCfg = Debug|Any CPU
		{DD715B03-4407-476E-85A8-392A57C00162}.Debug|Any CPU.Build.0 = Debug|Any CPU
		{DD715B03-4407-476E-85A8-392A57C00162}.Release|Any CPU.ActiveCfg = Release|Any CPU
		{DD715B03-4407-476E-85A8-392A57C00162}.Release|Any CPU.Build.0 = Release|Any CPU
		{77F2B581-9A0D-40CB-819E-61304ECCE45B}.Debug|Any CPU.ActiveCfg = Debug|Any CPU
		{77F2B581-9A0D-40CB-819E-61304ECCE45B}.Debug|Any CPU.Build.0 = Debug|Any CPU
		{77F2B581-9A0D-40CB-819E-61304ECCE45B}.Release|Any CPU.ActiveCfg = Release|Any CPU
		{77F2B581-9A0D-40CB-819E-61304ECCE45B}.Release|Any CPU.Build.0 = Release|Any CPU
		{EFF712BE-ECC8-453D-863F-6C3FBA03FC36}.Debug|Any CPU.ActiveCfg = Debug|Any CPU
		{EFF712BE-ECC8-453D-863F-6C3FBA03FC36}.Debug|Any CPU.Build.0 = Debug|Any CPU
		{EFF712BE-ECC8-453D-863F-6C3FBA03FC36}.Release|Any CPU.ActiveCfg = Release|Any CPU
		{EFF712BE-ECC8-453D-863F-6C3FBA03FC36}.Release|Any CPU.Build.0 = Release|Any CPU
		{EBA4D394-3D6B-4A31-AE0C-D47142812515}.Debug|Any CPU.ActiveCfg = Debug|Any CPU
		{EBA4D394-3D6B-4A31-AE0C-D47142812515}.Debug|Any CPU.Build.0 = Debug|Any CPU
		{EBA4D394-3D6B-4A31-AE0C-D47142812515}.Release|Any CPU.ActiveCfg = Release|Any CPU
		{EBA4D394-3D6B-4A31-AE0C-D47142812515}.Release|Any CPU.Build.0 = Release|Any CPU
		{B742CBB8-3F85-4730-AB22-E9681ED842DC}.Debug|Any CPU.ActiveCfg = Debug|Any CPU
		{B742CBB8-3F85-4730-AB22-E9681ED842DC}.Debug|Any CPU.Build.0 = Debug|Any CPU
		{B742CBB8-3F85-4730-AB22-E9681ED842DC}.Release|Any CPU.ActiveCfg = Release|Any CPU
		{B742CBB8-3F85-4730-AB22-E9681ED842DC}.Release|Any CPU.Build.0 = Release|Any CPU
		{55C3FDFA-FACE-4D39-A6D9-2A81E020EB0E}.Debug|Any CPU.ActiveCfg = Debug|Any CPU
		{55C3FDFA-FACE-4D39-A6D9-2A81E020EB0E}.Debug|Any CPU.Build.0 = Debug|Any CPU
		{55C3FDFA-FACE-4D39-A6D9-2A81E020EB0E}.Release|Any CPU.ActiveCfg = Release|Any CPU
		{55C3FDFA-FACE-4D39-A6D9-2A81E020EB0E}.Release|Any CPU.Build.0 = Release|Any CPU
		{81E20638-DC76-4CB2-A5E7-E39538CA9198}.Debug|Any CPU.ActiveCfg = Debug|Any CPU
		{81E20638-DC76-4CB2-A5E7-E39538CA9198}.Debug|Any CPU.Build.0 = Debug|Any CPU
		{81E20638-DC76-4CB2-A5E7-E39538CA9198}.Release|Any CPU.ActiveCfg = Release|Any CPU
		{81E20638-DC76-4CB2-A5E7-E39538CA9198}.Release|Any CPU.Build.0 = Release|Any CPU
		{B960D817-2BD1-48F4-93A8-E87FA3F64410}.Debug|Any CPU.ActiveCfg = Debug|Any CPU
		{B960D817-2BD1-48F4-93A8-E87FA3F64410}.Debug|Any CPU.Build.0 = Debug|Any CPU
		{B960D817-2BD1-48F4-93A8-E87FA3F64410}.Release|Any CPU.ActiveCfg = Release|Any CPU
		{B960D817-2BD1-48F4-93A8-E87FA3F64410}.Release|Any CPU.Build.0 = Release|Any CPU
	EndGlobalSection
EndGlobal
