
Microsoft Visual Studio Solution File, Format Version 12.00
Project("{FAE04EC0-301F-11D3-BF4B-00C04F79EFBC}") = "Friflo.Json.Tests", "Json.Tests\Friflo.Json.Tests.csproj", "{6410478E-2F5C-4F74-9428-D11630F85916}"
EndProject
Project("{FAE04EC0-301F-11D3-BF4B-00C04F79EFBC}") = "Friflo.Json.Burst", "Json\Burst\Friflo.Json.Burst.csproj", "{AA13E9BB-3549-4ABB-8B7E-5D2B3BC1755D}"
EndProject
Project("{FAE04EC0-301F-11D3-BF4B-00C04F79EFBC}") = "Friflo.Json.Fliox", "Json\Fliox\Friflo.Json.Fliox.csproj", "{C45F68CA-9E64-4A37-8188-A93198A51E36}"
EndProject
Project("{FAE04EC0-301F-11D3-BF4B-00C04F79EFBC}") = "Friflo.Json.Fliox.Hub.Cosmos", "Json\Fliox.Hub.Cosmos\Friflo.Json.Fliox.Hub.Cosmos.csproj", "{62AB91E6-3C0E-4DD6-966E-AE4594452C01}"
EndProject
Project("{FAE04EC0-301F-11D3-BF4B-00C04F79EFBC}") = "Friflo.Json.Fliox.Hub", "Json\Fliox.Hub\Friflo.Json.Fliox.Hub.csproj", "{C0C7ECC7-D621-4BA0-AD31-687EEA6FE981}"
EndProject
Project("{FAE04EC0-301F-11D3-BF4B-00C04F79EFBC}") = "Friflo.Playground", "Playground\Friflo.Playground.csproj", "{8E134E2F-5042-445A-B306-DFF6F3E83BEA}"
EndProject
Project("{FAE04EC0-301F-11D3-BF4B-00C04F79EFBC}") = "Friflo.Json.Fliox.Hub.AspNetCore", "Json\Fliox.Hub.AspNetCore\Friflo.Json.Fliox.Hub.AspNetCore.csproj", "{DD715B03-4407-476E-85A8-392A57C00162}"
EndProject
Project("{FAE04EC0-301F-11D3-BF4B-00C04F79EFBC}") = "Friflo.Json.Fliox.Hub.Explorer", "Json\Fliox.Hub.Explorer\Friflo.Json.Fliox.Hub.Explorer.csproj", "{77F2B581-9A0D-40CB-819E-61304ECCE45B}"
EndProject
Project("{FAE04EC0-301F-11D3-BF4B-00C04F79EFBC}") = "Friflo.Json.Fliox.Hub.GraphQL", "Json\Fliox.Hub.GraphQL\Friflo.Json.Fliox.Hub.GraphQL.csproj", "{EBA4D394-3D6B-4A31-AE0C-D47142812515}"
EndProject
Project("{FAE04EC0-301F-11D3-BF4B-00C04F79EFBC}") = "Friflo.Json.Fliox.Annotation", "Json\Fliox.Annotation\Friflo.Json.Fliox.Annotation.csproj", "{55C3FDFA-FACE-4D39-A6D9-2A81E020EB0E}"
EndProject
Project("{FAE04EC0-301F-11D3-BF4B-00C04F79EFBC}") = "Demo", "Demos~\Demo\Client\Demo.csproj", "{950B3BFD-89D7-4FEC-B648-0FBC6FD26119}"
EndProject
Project("{FAE04EC0-301F-11D3-BF4B-00C04F79EFBC}") = "DemoHub", "Demos~\Demo\Hub\DemoHub.csproj", "{5BD08A9F-59FD-416C-B776-31A1DD60197A}"
EndProject
Project("{FAE04EC0-301F-11D3-BF4B-00C04F79EFBC}") = "Todo", "Demos~\Todo\Client\Todo.csproj", "{E209BC9F-9E0E-4867-99AC-6C6057659324}"
EndProject
Project("{FAE04EC0-301F-11D3-BF4B-00C04F79EFBC}") = "TodoHub", "Demos~\Todo\Hub\TodoHub.csproj", "{99A68B3E-0C40-4B0B-94A3-2B4D198BB842}"
EndProject
Project("{FAE04EC0-301F-11D3-BF4B-00C04F79EFBC}") = "DemoTest", "Demos~\Demo\Test\DemoTest.csproj", "{B596A46F-4A2D-4110-B907-58F13E718A3C}"
EndProject
Project("{FAE04EC0-301F-11D3-BF4B-00C04F79EFBC}") = "TodoTest", "Demos~\Todo\Test\TodoTest.csproj", "{F43F873E-96B8-46A1-A0A9-416EFA010D43}"
EndProject
Project("{FAE04EC0-301F-11D3-BF4B-00C04F79EFBC}") = "Friflo.Json.Fliox.Hub.WebRTC", "Json\Fliox.Hub.WebRTC\Friflo.Json.Fliox.Hub.WebRTC.csproj", "{975A6318-7EB1-42D6-B6AF-A170D2908620}"
EndProject
Project("{FAE04EC0-301F-11D3-BF4B-00C04F79EFBC}") = "NetFramework-Example", "Demos~\NetFramework\NetFramework-Example.csproj", "{9E41A45D-6C97-4F18-AD78-4C025DC4BB61}"
EndProject
Project("{FAE04EC0-301F-11D3-BF4B-00C04F79EFBC}") = "SchemaValidation", "Demos~\SchemaValidation\SchemaValidation.csproj", "{140D71F8-86C7-4294-9E1F-15445A0AAEA0}"
EndProject
Project("{FAE04EC0-301F-11D3-BF4B-00C04F79EFBC}") = "Friflo.Json.Fliox.Hub.SQLite", "Json\Fliox.Hub.SQLite\Friflo.Json.Fliox.Hub.SQLite.csproj", "{53B28D4F-9CDD-4929-A9AB-5B85A4C118E2}"
EndProject
Project("{FAE04EC0-301F-11D3-BF4B-00C04F79EFBC}") = "Friflo.Json.Fliox.Hub.MySQL", "Json\Fliox.Hub.MySQL\Friflo.Json.Fliox.Hub.MySQL.csproj", "{287863B2-7688-41A5-984F-E9FDB91F3608}"
EndProject
Project("{FAE04EC0-301F-11D3-BF4B-00C04F79EFBC}") = "Friflo.Json.Fliox.Hub.PostgreSQL", "Json\Fliox.Hub.PostgreSQL\Friflo.Json.Fliox.Hub.PostgreSQL.csproj", "{38D9FAFA-27C2-442C-B4DC-C2700BE243A8}"
EndProject
Project("{FAE04EC0-301F-11D3-BF4B-00C04F79EFBC}") = "Friflo.Json.Fliox.Hub.SQLServer", "Json\Fliox.Hub.SQLServer\Friflo.Json.Fliox.Hub.SQLServer.csproj", "{DA182CA2-DD35-423A-9F3D-1EC4AC9067CF}"
EndProject
Project("{FAE04EC0-301F-11D3-BF4B-00C04F79EFBC}") = "Friflo.Json.Fliox.Hub.Redis", "Json\Fliox.Hub.Redis\Friflo.Json.Fliox.Hub.Redis.csproj", "{AC56D93E-2A02-4D6D-864C-9ADE9C139BC8}"
EndProject
Project("{FAE04EC0-301F-11D3-BF4B-00C04F79EFBC}") = "Lab", "Demos~\Lab\Client\Lab.csproj", "{AF76E031-370C-4353-862B-7C4DB8D2C9F9}"
EndProject
Project("{FAE04EC0-301F-11D3-BF4B-00C04F79EFBC}") = "LabHub", "Demos~\Lab\Hub\LabHub.csproj", "{BC883019-E3E6-47E3-877D-DE13994E3CB0}"
EndProject
Project("{FAE04EC0-301F-11D3-BF4B-00C04F79EFBC}") = "LabTest", "Demos~\Lab\Test\LabTest.csproj", "{44CEB858-B06C-4B94-AA89-4F21B878DAE0}"
EndProject
Global
	GlobalSection(SolutionConfigurationPlatforms) = preSolution
		Debug|Any CPU = Debug|Any CPU
		Release|Any CPU = Release|Any CPU
	EndGlobalSection
	GlobalSection(ProjectConfigurationPlatforms) = postSolution
		{6410478E-2F5C-4F74-9428-D11630F85916}.Debug|Any CPU.ActiveCfg = Debug|Any CPU
		{6410478E-2F5C-4F74-9428-D11630F85916}.Debug|Any CPU.Build.0 = Debug|Any CPU
		{6410478E-2F5C-4F74-9428-D11630F85916}.Release|Any CPU.ActiveCfg = Release|Any CPU
		{6410478E-2F5C-4F74-9428-D11630F85916}.Release|Any CPU.Build.0 = Release|Any CPU
		{AA13E9BB-3549-4ABB-8B7E-5D2B3BC1755D}.Debug|Any CPU.ActiveCfg = Debug|Any CPU
		{AA13E9BB-3549-4ABB-8B7E-5D2B3BC1755D}.Debug|Any CPU.Build.0 = Debug|Any CPU
		{AA13E9BB-3549-4ABB-8B7E-5D2B3BC1755D}.Release|Any CPU.ActiveCfg = Release|Any CPU
		{AA13E9BB-3549-4ABB-8B7E-5D2B3BC1755D}.Release|Any CPU.Build.0 = Release|Any CPU
		{C45F68CA-9E64-4A37-8188-A93198A51E36}.Debug|Any CPU.ActiveCfg = Debug|Any CPU
		{C45F68CA-9E64-4A37-8188-A93198A51E36}.Debug|Any CPU.Build.0 = Debug|Any CPU
		{C45F68CA-9E64-4A37-8188-A93198A51E36}.Release|Any CPU.ActiveCfg = Release|Any CPU
		{C45F68CA-9E64-4A37-8188-A93198A51E36}.Release|Any CPU.Build.0 = Release|Any CPU
		{62AB91E6-3C0E-4DD6-966E-AE4594452C01}.Debug|Any CPU.ActiveCfg = Debug|Any CPU
		{62AB91E6-3C0E-4DD6-966E-AE4594452C01}.Debug|Any CPU.Build.0 = Debug|Any CPU
		{62AB91E6-3C0E-4DD6-966E-AE4594452C01}.Release|Any CPU.ActiveCfg = Release|Any CPU
		{62AB91E6-3C0E-4DD6-966E-AE4594452C01}.Release|Any CPU.Build.0 = Release|Any CPU
		{C0C7ECC7-D621-4BA0-AD31-687EEA6FE981}.Debug|Any CPU.ActiveCfg = Debug|Any CPU
		{C0C7ECC7-D621-4BA0-AD31-687EEA6FE981}.Debug|Any CPU.Build.0 = Debug|Any CPU
		{C0C7ECC7-D621-4BA0-AD31-687EEA6FE981}.Release|Any CPU.ActiveCfg = Release|Any CPU
		{C0C7ECC7-D621-4BA0-AD31-687EEA6FE981}.Release|Any CPU.Build.0 = Release|Any CPU
		{8E134E2F-5042-445A-B306-DFF6F3E83BEA}.Debug|Any CPU.ActiveCfg = Debug|Any CPU
		{8E134E2F-5042-445A-B306-DFF6F3E83BEA}.Debug|Any CPU.Build.0 = Debug|Any CPU
		{8E134E2F-5042-445A-B306-DFF6F3E83BEA}.Release|Any CPU.ActiveCfg = Release|Any CPU
		{8E134E2F-5042-445A-B306-DFF6F3E83BEA}.Release|Any CPU.Build.0 = Release|Any CPU
		{DD715B03-4407-476E-85A8-392A57C00162}.Debug|Any CPU.ActiveCfg = Debug|Any CPU
		{DD715B03-4407-476E-85A8-392A57C00162}.Debug|Any CPU.Build.0 = Debug|Any CPU
		{DD715B03-4407-476E-85A8-392A57C00162}.Release|Any CPU.ActiveCfg = Release|Any CPU
		{DD715B03-4407-476E-85A8-392A57C00162}.Release|Any CPU.Build.0 = Release|Any CPU
		{77F2B581-9A0D-40CB-819E-61304ECCE45B}.Debug|Any CPU.ActiveCfg = Debug|Any CPU
		{77F2B581-9A0D-40CB-819E-61304ECCE45B}.Debug|Any CPU.Build.0 = Debug|Any CPU
		{77F2B581-9A0D-40CB-819E-61304ECCE45B}.Release|Any CPU.ActiveCfg = Release|Any CPU
		{77F2B581-9A0D-40CB-819E-61304ECCE45B}.Release|Any CPU.Build.0 = Release|Any CPU
		{EBA4D394-3D6B-4A31-AE0C-D47142812515}.Debug|Any CPU.ActiveCfg = Debug|Any CPU
		{EBA4D394-3D6B-4A31-AE0C-D47142812515}.Debug|Any CPU.Build.0 = Debug|Any CPU
		{EBA4D394-3D6B-4A31-AE0C-D47142812515}.Release|Any CPU.ActiveCfg = Release|Any CPU
		{EBA4D394-3D6B-4A31-AE0C-D47142812515}.Release|Any CPU.Build.0 = Release|Any CPU
		{55C3FDFA-FACE-4D39-A6D9-2A81E020EB0E}.Debug|Any CPU.ActiveCfg = Debug|Any CPU
		{55C3FDFA-FACE-4D39-A6D9-2A81E020EB0E}.Debug|Any CPU.Build.0 = Debug|Any CPU
		{55C3FDFA-FACE-4D39-A6D9-2A81E020EB0E}.Release|Any CPU.ActiveCfg = Release|Any CPU
		{55C3FDFA-FACE-4D39-A6D9-2A81E020EB0E}.Release|Any CPU.Build.0 = Release|Any CPU
		{950B3BFD-89D7-4FEC-B648-0FBC6FD26119}.Debug|Any CPU.ActiveCfg = Debug|Any CPU
		{950B3BFD-89D7-4FEC-B648-0FBC6FD26119}.Debug|Any CPU.Build.0 = Debug|Any CPU
		{950B3BFD-89D7-4FEC-B648-0FBC6FD26119}.Release|Any CPU.ActiveCfg = Release|Any CPU
		{950B3BFD-89D7-4FEC-B648-0FBC6FD26119}.Release|Any CPU.Build.0 = Release|Any CPU
		{5BD08A9F-59FD-416C-B776-31A1DD60197A}.Debug|Any CPU.ActiveCfg = Debug|Any CPU
		{5BD08A9F-59FD-416C-B776-31A1DD60197A}.Debug|Any CPU.Build.0 = Debug|Any CPU
		{5BD08A9F-59FD-416C-B776-31A1DD60197A}.Release|Any CPU.ActiveCfg = Release|Any CPU
		{5BD08A9F-59FD-416C-B776-31A1DD60197A}.Release|Any CPU.Build.0 = Release|Any CPU
		{E209BC9F-9E0E-4867-99AC-6C6057659324}.Debug|Any CPU.ActiveCfg = Debug|Any CPU
		{E209BC9F-9E0E-4867-99AC-6C6057659324}.Debug|Any CPU.Build.0 = Debug|Any CPU
		{E209BC9F-9E0E-4867-99AC-6C6057659324}.Release|Any CPU.ActiveCfg = Release|Any CPU
		{E209BC9F-9E0E-4867-99AC-6C6057659324}.Release|Any CPU.Build.0 = Release|Any CPU
		{99A68B3E-0C40-4B0B-94A3-2B4D198BB842}.Debug|Any CPU.ActiveCfg = Debug|Any CPU
		{99A68B3E-0C40-4B0B-94A3-2B4D198BB842}.Debug|Any CPU.Build.0 = Debug|Any CPU
		{99A68B3E-0C40-4B0B-94A3-2B4D198BB842}.Release|Any CPU.ActiveCfg = Release|Any CPU
		{99A68B3E-0C40-4B0B-94A3-2B4D198BB842}.Release|Any CPU.Build.0 = Release|Any CPU
		{B596A46F-4A2D-4110-B907-58F13E718A3C}.Debug|Any CPU.ActiveCfg = Debug|Any CPU
		{B596A46F-4A2D-4110-B907-58F13E718A3C}.Debug|Any CPU.Build.0 = Debug|Any CPU
		{B596A46F-4A2D-4110-B907-58F13E718A3C}.Release|Any CPU.ActiveCfg = Release|Any CPU
		{B596A46F-4A2D-4110-B907-58F13E718A3C}.Release|Any CPU.Build.0 = Release|Any CPU
		{F43F873E-96B8-46A1-A0A9-416EFA010D43}.Debug|Any CPU.ActiveCfg = Debug|Any CPU
		{F43F873E-96B8-46A1-A0A9-416EFA010D43}.Debug|Any CPU.Build.0 = Debug|Any CPU
		{F43F873E-96B8-46A1-A0A9-416EFA010D43}.Release|Any CPU.ActiveCfg = Release|Any CPU
		{F43F873E-96B8-46A1-A0A9-416EFA010D43}.Release|Any CPU.Build.0 = Release|Any CPU
		{975A6318-7EB1-42D6-B6AF-A170D2908620}.Debug|Any CPU.ActiveCfg = Debug|Any CPU
		{975A6318-7EB1-42D6-B6AF-A170D2908620}.Debug|Any CPU.Build.0 = Debug|Any CPU
		{975A6318-7EB1-42D6-B6AF-A170D2908620}.Release|Any CPU.ActiveCfg = Release|Any CPU
		{975A6318-7EB1-42D6-B6AF-A170D2908620}.Release|Any CPU.Build.0 = Release|Any CPU
		{9E41A45D-6C97-4F18-AD78-4C025DC4BB61}.Debug|Any CPU.ActiveCfg = Debug|Any CPU
		{9E41A45D-6C97-4F18-AD78-4C025DC4BB61}.Debug|Any CPU.Build.0 = Debug|Any CPU
		{9E41A45D-6C97-4F18-AD78-4C025DC4BB61}.Release|Any CPU.ActiveCfg = Release|Any CPU
		{9E41A45D-6C97-4F18-AD78-4C025DC4BB61}.Release|Any CPU.Build.0 = Release|Any CPU
		{140D71F8-86C7-4294-9E1F-15445A0AAEA0}.Debug|Any CPU.ActiveCfg = Debug|Any CPU
		{140D71F8-86C7-4294-9E1F-15445A0AAEA0}.Debug|Any CPU.Build.0 = Debug|Any CPU
		{140D71F8-86C7-4294-9E1F-15445A0AAEA0}.Release|Any CPU.ActiveCfg = Release|Any CPU
		{140D71F8-86C7-4294-9E1F-15445A0AAEA0}.Release|Any CPU.Build.0 = Release|Any CPU
		{53B28D4F-9CDD-4929-A9AB-5B85A4C118E2}.Debug|Any CPU.ActiveCfg = Debug|Any CPU
		{53B28D4F-9CDD-4929-A9AB-5B85A4C118E2}.Debug|Any CPU.Build.0 = Debug|Any CPU
		{53B28D4F-9CDD-4929-A9AB-5B85A4C118E2}.Release|Any CPU.ActiveCfg = Release|Any CPU
		{53B28D4F-9CDD-4929-A9AB-5B85A4C118E2}.Release|Any CPU.Build.0 = Release|Any CPU
		{287863B2-7688-41A5-984F-E9FDB91F3608}.Debug|Any CPU.ActiveCfg = Debug|Any CPU
		{287863B2-7688-41A5-984F-E9FDB91F3608}.Debug|Any CPU.Build.0 = Debug|Any CPU
		{287863B2-7688-41A5-984F-E9FDB91F3608}.Release|Any CPU.ActiveCfg = Release|Any CPU
		{287863B2-7688-41A5-984F-E9FDB91F3608}.Release|Any CPU.Build.0 = Release|Any CPU
		{38D9FAFA-27C2-442C-B4DC-C2700BE243A8}.Debug|Any CPU.ActiveCfg = Debug|Any CPU
		{38D9FAFA-27C2-442C-B4DC-C2700BE243A8}.Debug|Any CPU.Build.0 = Debug|Any CPU
		{38D9FAFA-27C2-442C-B4DC-C2700BE243A8}.Release|Any CPU.ActiveCfg = Release|Any CPU
		{38D9FAFA-27C2-442C-B4DC-C2700BE243A8}.Release|Any CPU.Build.0 = Release|Any CPU
		{DA182CA2-DD35-423A-9F3D-1EC4AC9067CF}.Debug|Any CPU.ActiveCfg = Debug|Any CPU
		{DA182CA2-DD35-423A-9F3D-1EC4AC9067CF}.Debug|Any CPU.Build.0 = Debug|Any CPU
		{DA182CA2-DD35-423A-9F3D-1EC4AC9067CF}.Release|Any CPU.ActiveCfg = Release|Any CPU
		{DA182CA2-DD35-423A-9F3D-1EC4AC9067CF}.Release|Any CPU.Build.0 = Release|Any CPU
		{AC56D93E-2A02-4D6D-864C-9ADE9C139BC8}.Debug|Any CPU.ActiveCfg = Debug|Any CPU
		{AC56D93E-2A02-4D6D-864C-9ADE9C139BC8}.Debug|Any CPU.Build.0 = Debug|Any CPU
		{AC56D93E-2A02-4D6D-864C-9ADE9C139BC8}.Release|Any CPU.ActiveCfg = Release|Any CPU
		{AC56D93E-2A02-4D6D-864C-9ADE9C139BC8}.Release|Any CPU.Build.0 = Release|Any CPU
		{AF76E031-370C-4353-862B-7C4DB8D2C9F9}.Debug|Any CPU.ActiveCfg = Debug|Any CPU
		{AF76E031-370C-4353-862B-7C4DB8D2C9F9}.Debug|Any CPU.Build.0 = Debug|Any CPU
		{AF76E031-370C-4353-862B-7C4DB8D2C9F9}.Release|Any CPU.ActiveCfg = Release|Any CPU
		{AF76E031-370C-4353-862B-7C4DB8D2C9F9}.Release|Any CPU.Build.0 = Release|Any CPU
		{BC883019-E3E6-47E3-877D-DE13994E3CB0}.Debug|Any CPU.ActiveCfg = Debug|Any CPU
		{BC883019-E3E6-47E3-877D-DE13994E3CB0}.Debug|Any CPU.Build.0 = Debug|Any CPU
		{BC883019-E3E6-47E3-877D-DE13994E3CB0}.Release|Any CPU.ActiveCfg = Release|Any CPU
		{BC883019-E3E6-47E3-877D-DE13994E3CB0}.Release|Any CPU.Build.0 = Release|Any CPU
		{44CEB858-B06C-4B94-AA89-4F21B878DAE0}.Debug|Any CPU.ActiveCfg = Debug|Any CPU
		{44CEB858-B06C-4B94-AA89-4F21B878DAE0}.Debug|Any CPU.Build.0 = Debug|Any CPU
		{44CEB858-B06C-4B94-AA89-4F21B878DAE0}.Release|Any CPU.ActiveCfg = Release|Any CPU
		{44CEB858-B06C-4B94-AA89-4F21B878DAE0}.Release|Any CPU.Build.0 = Release|Any CPU
	EndGlobalSection
EndGlobal
