
Microsoft Visual Studio Solution File, Format Version 12.00
# Visual Studio Version 17
VisualStudioVersion = 17.0.31903.59
MinimumVisualStudioVersion = 10.0.40219.1
Project("{FAE04EC0-301F-11D3-BF4B-00C04F79EFBC}") = "Engine", "src\Engine.csproj", "{EFC8F6F8-C4D2-45F4-A717-AEB1897D56FE}"
EndProject
Project("{FAE04EC0-301F-11D3-BF4B-00C04F79EFBC}") = "Tests", "tests\Tests.csproj", "{BED5A529-859C-4456-A971-A9D047E7F4C3}"
EndProject
Project("{FAE04EC0-301F-11D3-BF4B-00C04F79EFBC}") = "Tests-internal", "Tests-internal\Tests-internal.csproj", "{83F71521-B976-4EDD-B17D-B8FAAB667ECE}"
EndProject
Global
	GlobalSection(SolutionConfigurationPlatforms) = preSolution
		Debug|Any CPU = Debug|Any CPU
		Release|Any CPU = Release|Any CPU
	EndGlobalSection
	GlobalSection(SolutionProperties) = preSolution
		HideSolutionNode = FALSE
	EndGlobalSection
	GlobalSection(ProjectConfigurationPlatforms) = postSolution
		{EFC8F6F8-C4D2-45F4-A717-AEB1897D56FE}.Debug|Any CPU.ActiveCfg = Debug|Any CPU
		{EFC8F6F8-C4D2-45F4-A717-AEB1897D56FE}.Debug|Any CPU.Build.0 = Debug|Any CPU
		{EFC8F6F8-C4D2-45F4-A717-AEB1897D56FE}.Release|Any CPU.ActiveCfg = Release|Any CPU
		{EFC8F6F8-C4D2-45F4-A717-AEB1897D56FE}.Release|Any CPU.Build.0 = Release|Any CPU
		{BED5A529-859C-4456-A971-A9D047E7F4C3}.Debug|Any CPU.ActiveCfg = Debug|Any CPU
		{BED5A529-859C-4456-A971-A9D047E7F4C3}.Debug|Any CPU.Build.0 = Debug|Any CPU
		{BED5A529-859C-4456-A971-A9D047E7F4C3}.Release|Any CPU.ActiveCfg = Release|Any CPU
		{BED5A529-859C-4456-A971-A9D047E7F4C3}.Release|Any CPU.Build.0 = Release|Any CPU
		{83F71521-B976-4EDD-B17D-B8FAAB667ECE}.Debug|Any CPU.ActiveCfg = Debug|Any CPU
		{83F71521-B976-4EDD-B17D-B8FAAB667ECE}.Debug|Any CPU.Build.0 = Debug|Any CPU
		{83F71521-B976-4EDD-B17D-B8FAAB667ECE}.Release|Any CPU.ActiveCfg = Release|Any CPU
		{83F71521-B976-4EDD-B17D-B8FAAB667ECE}.Release|Any CPU.Build.0 = Release|Any CPU
	EndGlobalSection
EndGlobal
