
Microsoft Visual Studio Solution File, Format Version 12.00
# Visual Studio Version 17
VisualStudioVersion = 17.0.31903.59
MinimumVisualStudioVersion = 10.0.40219.1
Project("{FAE04EC0-301F-11D3-BF4B-00C04F79EFBC}") = "Fliox.Engine.ECS", "src\ECS\Fliox.Engine.ECS.csproj", "{1CBCE512-8DE1-4085-83D2-02FF41B8F02D}"
EndProject
Project("{FAE04EC0-301F-11D3-BF4B-00C04F79EFBC}") = "Fliox.Engine.Client", "src\Client\Fliox.Engine.Client.csproj", "{5A92A4D9-2AC0-44A2-8330-F33E08FFF545}"
EndProject
Project("{FAE04EC0-301F-11D3-BF4B-00C04F79EFBC}") = "Friflo.Json.Fliox", "..\Json\Fliox\Friflo.Json.Fliox.csproj", "{BF0BDA21-0EBB-4FE1-A540-A42F1BDDF25A}"
EndProject
Project("{FAE04EC0-301F-11D3-BF4B-00C04F79EFBC}") = "Friflo.Json.Burst", "..\Json\Burst\Friflo.Json.Burst.csproj", "{E04FDBDA-B2BD-4C08-ABCB-8983164A5978}"
EndProject
Project("{FAE04EC0-301F-11D3-BF4B-00C04F79EFBC}") = "Friflo.Json.Fliox.Annotation", "..\Json\Fliox.Annotation\Friflo.Json.Fliox.Annotation.csproj", "{0861F639-8FF8-482F-B515-CF3C014015DA}"
EndProject
Project("{FAE04EC0-301F-11D3-BF4B-00C04F79EFBC}") = "Friflo.Json.Fliox.Hub", "..\Json\Fliox.Hub\Friflo.Json.Fliox.Hub.csproj", "{AEDFB429-7E89-4811-A0F4-8A053FC076EC}"
EndProject
Project("{FAE04EC0-301F-11D3-BF4B-00C04F79EFBC}") = "Friflo.Json.Fliox.Hub.Explorer", "..\Json\Fliox.Hub.Explorer\Friflo.Json.Fliox.Hub.Explorer.csproj", "{6D17B47E-F177-4766-B2AA-4F3EE2BECFEF}"
EndProject
Project("{FAE04EC0-301F-11D3-BF4B-00C04F79EFBC}") = "Fliox.Tests", "Tests\Fliox.Tests.csproj", "{D0B9678A-50BC-451C-A556-3973807B5BC6}"
EndProject
Project("{FAE04EC0-301F-11D3-BF4B-00C04F79EFBC}") = "Fliox.Tests-internal", "Tests-internal\Fliox.Tests-internal.csproj", "{AF6C9BF3-70FC-40F7-9408-59D73B9A8A50}"
EndProject
Project("{FAE04EC0-301F-11D3-BF4B-00C04F79EFBC}") = "Fliox.Editor", "Editor\Fliox.Editor.csproj", "{484AF2EC-BED3-4553-A9FF-8A3DD5ED4615}"
EndProject
Global
	GlobalSection(SolutionConfigurationPlatforms) = preSolution
		Debug|Any CPU = Debug|Any CPU
		Release|Any CPU = Release|Any CPU
	EndGlobalSection
	GlobalSection(SolutionProperties) = preSolution
		HideSolutionNode = FALSE
	EndGlobalSection
	GlobalSection(ProjectConfigurationPlatforms) = postSolution
		{1CBCE512-8DE1-4085-83D2-02FF41B8F02D}.Debug|Any CPU.ActiveCfg = Debug|Any CPU
		{1CBCE512-8DE1-4085-83D2-02FF41B8F02D}.Debug|Any CPU.Build.0 = Debug|Any CPU
		{1CBCE512-8DE1-4085-83D2-02FF41B8F02D}.Release|Any CPU.ActiveCfg = Release|Any CPU
		{1CBCE512-8DE1-4085-83D2-02FF41B8F02D}.Release|Any CPU.Build.0 = Release|Any CPU
		{5A92A4D9-2AC0-44A2-8330-F33E08FFF545}.Debug|Any CPU.ActiveCfg = Debug|Any CPU
		{5A92A4D9-2AC0-44A2-8330-F33E08FFF545}.Debug|Any CPU.Build.0 = Debug|Any CPU
		{5A92A4D9-2AC0-44A2-8330-F33E08FFF545}.Release|Any CPU.ActiveCfg = Release|Any CPU
		{5A92A4D9-2AC0-44A2-8330-F33E08FFF545}.Release|Any CPU.Build.0 = Release|Any CPU
		{BF0BDA21-0EBB-4FE1-A540-A42F1BDDF25A}.Debug|Any CPU.ActiveCfg = Debug|Any CPU
		{BF0BDA21-0EBB-4FE1-A540-A42F1BDDF25A}.Debug|Any CPU.Build.0 = Debug|Any CPU
		{BF0BDA21-0EBB-4FE1-A540-A42F1BDDF25A}.Release|Any CPU.ActiveCfg = Release|Any CPU
		{BF0BDA21-0EBB-4FE1-A540-A42F1BDDF25A}.Release|Any CPU.Build.0 = Release|Any CPU
		{E04FDBDA-B2BD-4C08-ABCB-8983164A5978}.Debug|Any CPU.ActiveCfg = Debug|Any CPU
		{E04FDBDA-B2BD-4C08-ABCB-8983164A5978}.Debug|Any CPU.Build.0 = Debug|Any CPU
		{E04FDBDA-B2BD-4C08-ABCB-8983164A5978}.Release|Any CPU.ActiveCfg = Release|Any CPU
		{E04FDBDA-B2BD-4C08-ABCB-8983164A5978}.Release|Any CPU.Build.0 = Release|Any CPU
		{0861F639-8FF8-482F-B515-CF3C014015DA}.Debug|Any CPU.ActiveCfg = Debug|Any CPU
		{0861F639-8FF8-482F-B515-CF3C014015DA}.Debug|Any CPU.Build.0 = Debug|Any CPU
		{0861F639-8FF8-482F-B515-CF3C014015DA}.Release|Any CPU.ActiveCfg = Release|Any CPU
		{0861F639-8FF8-482F-B515-CF3C014015DA}.Release|Any CPU.Build.0 = Release|Any CPU
		{AEDFB429-7E89-4811-A0F4-8A053FC076EC}.Debug|Any CPU.ActiveCfg = Debug|Any CPU
		{AEDFB429-7E89-4811-A0F4-8A053FC076EC}.Debug|Any CPU.Build.0 = Debug|Any CPU
		{AEDFB429-7E89-4811-A0F4-8A053FC076EC}.Release|Any CPU.ActiveCfg = Release|Any CPU
		{AEDFB429-7E89-4811-A0F4-8A053FC076EC}.Release|Any CPU.Build.0 = Release|Any CPU
		{6D17B47E-F177-4766-B2AA-4F3EE2BECFEF}.Debug|Any CPU.ActiveCfg = Debug|Any CPU
		{6D17B47E-F177-4766-B2AA-4F3EE2BECFEF}.Debug|Any CPU.Build.0 = Debug|Any CPU
		{6D17B47E-F177-4766-B2AA-4F3EE2BECFEF}.Release|Any CPU.ActiveCfg = Release|Any CPU
		{6D17B47E-F177-4766-B2AA-4F3EE2BECFEF}.Release|Any CPU.Build.0 = Release|Any CPU
		{D0B9678A-50BC-451C-A556-3973807B5BC6}.Debug|Any CPU.ActiveCfg = Debug|Any CPU
		{D0B9678A-50BC-451C-A556-3973807B5BC6}.Debug|Any CPU.Build.0 = Debug|Any CPU
		{D0B9678A-50BC-451C-A556-3973807B5BC6}.Release|Any CPU.ActiveCfg = Release|Any CPU
		{D0B9678A-50BC-451C-A556-3973807B5BC6}.Release|Any CPU.Build.0 = Release|Any CPU
		{AF6C9BF3-70FC-40F7-9408-59D73B9A8A50}.Debug|Any CPU.ActiveCfg = Debug|Any CPU
		{AF6C9BF3-70FC-40F7-9408-59D73B9A8A50}.Debug|Any CPU.Build.0 = Debug|Any CPU
		{AF6C9BF3-70FC-40F7-9408-59D73B9A8A50}.Release|Any CPU.ActiveCfg = Release|Any CPU
		{AF6C9BF3-70FC-40F7-9408-59D73B9A8A50}.Release|Any CPU.Build.0 = Release|Any CPU
		{484AF2EC-BED3-4553-A9FF-8A3DD5ED4615}.Debug|Any CPU.ActiveCfg = Debug|Any CPU
		{484AF2EC-BED3-4553-A9FF-8A3DD5ED4615}.Debug|Any CPU.Build.0 = Debug|Any CPU
		{484AF2EC-BED3-4553-A9FF-8A3DD5ED4615}.Release|Any CPU.ActiveCfg = Release|Any CPU
		{484AF2EC-BED3-4553-A9FF-8A3DD5ED4615}.Release|Any CPU.Build.0 = Release|Any CPU
	EndGlobalSection
EndGlobal
