
Microsoft Visual Studio Solution File, Format Version 12.00
Project("{FAE04EC0-301F-11D3-BF4B-00C04F79EFBC}") = "Demo", "Demo\Client\Demo.csproj", "{76681EF9-E207-4F84-A850-8F2FF262C556}"
EndProject
Project("{FAE04EC0-301F-11D3-BF4B-00C04F79EFBC}") = "DemoHub", "Demo\Hub\DemoHub.csproj", "{644223F1-42F1-4850-875A-46CF195545B4}"
EndProject
Project("{FAE04EC0-301F-11D3-BF4B-00C04F79EFBC}") = "DemoTest", "Demo\Test\DemoTest.csproj", "{BD443D16-6E06-489E-A8E1-32DCDE323C47}"
EndProject
Project("{FAE04EC0-301F-11D3-BF4B-00C04F79EFBC}") = "Todo", "Todo\Client\Todo.csproj", "{20913057-20E1-4EF5-A1A9-AD02D250AC1C}"
EndProject
Project("{FAE04EC0-301F-11D3-BF4B-00C04F79EFBC}") = "TodoHub", "Todo\Hub\TodoHub.csproj", "{833DD79C-A8A6-47F3-854E-9ED156E7A693}"
EndProject
Project("{FAE04EC0-301F-11D3-BF4B-00C04F79EFBC}") = "TodoTest", "Todo\Test\TodoTest.csproj", "{7635C41A-89B0-41A6-AB9C-06EF3A8DF5BF}"
EndProject
Project("{FAE04EC0-301F-11D3-BF4B-00C04F79EFBC}") = "TodoWinForms", "Todo\WinForms\TodoWinForms.csproj", "{6B55D25B-B0AA-4477-9F59-34979A854AB7}"
EndProject
Project("{FAE04EC0-301F-11D3-BF4B-00C04F79EFBC}") = "TodoWPF", "Todo\WPF\TodoWPF.csproj", "{89E11CF1-359B-4D3D-BAFD-761B16B69F00}"
EndProject
Global
	GlobalSection(SolutionConfigurationPlatforms) = preSolution
		Debug|Any CPU = Debug|Any CPU
		Release|Any CPU = Release|Any CPU
	EndGlobalSection
	GlobalSection(ProjectConfigurationPlatforms) = postSolution
		{76681EF9-E207-4F84-A850-8F2FF262C556}.Debug|Any CPU.ActiveCfg = Debug|Any CPU
		{76681EF9-E207-4F84-A850-8F2FF262C556}.Debug|Any CPU.Build.0 = Debug|Any CPU
		{76681EF9-E207-4F84-A850-8F2FF262C556}.Release|Any CPU.ActiveCfg = Release|Any CPU
		{76681EF9-E207-4F84-A850-8F2FF262C556}.Release|Any CPU.Build.0 = Release|Any CPU
		{644223F1-42F1-4850-875A-46CF195545B4}.Debug|Any CPU.ActiveCfg = Debug|Any CPU
		{644223F1-42F1-4850-875A-46CF195545B4}.Debug|Any CPU.Build.0 = Debug|Any CPU
		{644223F1-42F1-4850-875A-46CF195545B4}.Release|Any CPU.ActiveCfg = Release|Any CPU
		{644223F1-42F1-4850-875A-46CF195545B4}.Release|Any CPU.Build.0 = Release|Any CPU
		{BD443D16-6E06-489E-A8E1-32DCDE323C47}.Debug|Any CPU.ActiveCfg = Debug|Any CPU
		{BD443D16-6E06-489E-A8E1-32DCDE323C47}.Debug|Any CPU.Build.0 = Debug|Any CPU
		{BD443D16-6E06-489E-A8E1-32DCDE323C47}.Release|Any CPU.ActiveCfg = Release|Any CPU
		{BD443D16-6E06-489E-A8E1-32DCDE323C47}.Release|Any CPU.Build.0 = Release|Any CPU
		{20913057-20E1-4EF5-A1A9-AD02D250AC1C}.Debug|Any CPU.ActiveCfg = Debug|Any CPU
		{20913057-20E1-4EF5-A1A9-AD02D250AC1C}.Debug|Any CPU.Build.0 = Debug|Any CPU
		{20913057-20E1-4EF5-A1A9-AD02D250AC1C}.Release|Any CPU.ActiveCfg = Release|Any CPU
		{20913057-20E1-4EF5-A1A9-AD02D250AC1C}.Release|Any CPU.Build.0 = Release|Any CPU
		{833DD79C-A8A6-47F3-854E-9ED156E7A693}.Debug|Any CPU.ActiveCfg = Debug|Any CPU
		{833DD79C-A8A6-47F3-854E-9ED156E7A693}.Debug|Any CPU.Build.0 = Debug|Any CPU
		{833DD79C-A8A6-47F3-854E-9ED156E7A693}.Release|Any CPU.ActiveCfg = Release|Any CPU
		{833DD79C-A8A6-47F3-854E-9ED156E7A693}.Release|Any CPU.Build.0 = Release|Any CPU
		{7635C41A-89B0-41A6-AB9C-06EF3A8DF5BF}.Debug|Any CPU.ActiveCfg = Debug|Any CPU
		{7635C41A-89B0-41A6-AB9C-06EF3A8DF5BF}.Debug|Any CPU.Build.0 = Debug|Any CPU
		{7635C41A-89B0-41A6-AB9C-06EF3A8DF5BF}.Release|Any CPU.ActiveCfg = Release|Any CPU
		{7635C41A-89B0-41A6-AB9C-06EF3A8DF5BF}.Release|Any CPU.Build.0 = Release|Any CPU
		{6B55D25B-B0AA-4477-9F59-34979A854AB7}.Debug|Any CPU.ActiveCfg = Debug|Any CPU
		{6B55D25B-B0AA-4477-9F59-34979A854AB7}.Debug|Any CPU.Build.0 = Debug|Any CPU
		{6B55D25B-B0AA-4477-9F59-34979A854AB7}.Release|Any CPU.ActiveCfg = Release|Any CPU
		{6B55D25B-B0AA-4477-9F59-34979A854AB7}.Release|Any CPU.Build.0 = Release|Any CPU
		{89E11CF1-359B-4D3D-BAFD-761B16B69F00}.Debug|Any CPU.ActiveCfg = Debug|Any CPU
		{89E11CF1-359B-4D3D-BAFD-761B16B69F00}.Debug|Any CPU.Build.0 = Debug|Any CPU
		{89E11CF1-359B-4D3D-BAFD-761B16B69F00}.Release|Any CPU.ActiveCfg = Release|Any CPU
		{89E11CF1-359B-4D3D-BAFD-761B16B69F00}.Release|Any CPU.Build.0 = Release|Any CPU
	EndGlobalSection
EndGlobal
