
Microsoft Visual Studio Solution File, Format Version 12.00
Project("{FAE04EC0-301F-11D3-BF4B-00C04F79EFBC}") = "Demo", "Demo\Client\Demo.csproj", "{76681EF9-E207-4F84-A850-8F2FF262C556}"
EndProject
Project("{FAE04EC0-301F-11D3-BF4B-00C04F79EFBC}") = "DemoHub", "Demo\Hub\DemoHub.csproj", "{644223F1-42F1-4850-875A-46CF195545B4}"
EndProject
Project("{FAE04EC0-301F-11D3-BF4B-00C04F79EFBC}") = "Friflo.Json.Burst", "..\Json\Burst\Friflo.Json.Burst.csproj", "{3D9FD80C-27E3-455F-9A30-F7B225AFE6E9}"
EndProject
Project("{FAE04EC0-301F-11D3-BF4B-00C04F79EFBC}") = "Friflo.Json.Fliox", "..\Json\Fliox\Friflo.Json.Fliox.csproj", "{E65DE1B5-5CD2-47D2-8112-8D1F967AB2BC}"
EndProject
Project("{FAE04EC0-301F-11D3-BF4B-00C04F79EFBC}") = "Friflo.Json.Fliox.Annotation", "..\Json\Fliox.Annotation\Friflo.Json.Fliox.Annotation.csproj", "{8149A497-517D-4CF1-BE06-ADC0F07D7C05}"
EndProject
Project("{FAE04EC0-301F-11D3-BF4B-00C04F79EFBC}") = "Friflo.Json.Fliox.Hub", "..\Json\Fliox.Hub\Friflo.Json.Fliox.Hub.csproj", "{297227C8-A32F-4C64-8312-6379D5B171AA}"
EndProject
Project("{FAE04EC0-301F-11D3-BF4B-00C04F79EFBC}") = "Friflo.Json.Fliox.Hub.WebRTC", "..\Json\Fliox.Hub.WebRTC\Friflo.Json.Fliox.Hub.WebRTC.csproj", "{8D6F9B3A-2D58-4DD1-AA01-A604CD375ED9}"
EndProject
Global
	GlobalSection(SolutionConfigurationPlatforms) = preSolution
		Debug|Any CPU = Debug|Any CPU
		Release|Any CPU = Release|Any CPU
	EndGlobalSection
	GlobalSection(ProjectConfigurationPlatforms) = postSolution
		{76681EF9-E207-4F84-A850-8F2FF262C556}.Debug|Any CPU.ActiveCfg = Debug|Any CPU
		{76681EF9-E207-4F84-A850-8F2FF262C556}.Debug|Any CPU.Build.0 = Debug|Any CPU
		{76681EF9-E207-4F84-A850-8F2FF262C556}.Release|Any CPU.ActiveCfg = Release|Any CPU
		{76681EF9-E207-4F84-A850-8F2FF262C556}.Release|Any CPU.Build.0 = Release|Any CPU
		{644223F1-42F1-4850-875A-46CF195545B4}.Debug|Any CPU.ActiveCfg = Debug|Any CPU
		{644223F1-42F1-4850-875A-46CF195545B4}.Debug|Any CPU.Build.0 = Debug|Any CPU
		{644223F1-42F1-4850-875A-46CF195545B4}.Release|Any CPU.ActiveCfg = Release|Any CPU
		{644223F1-42F1-4850-875A-46CF195545B4}.Release|Any CPU.Build.0 = Release|Any CPU
		{3D9FD80C-27E3-455F-9A30-F7B225AFE6E9}.Debug|Any CPU.ActiveCfg = Debug|Any CPU
		{3D9FD80C-27E3-455F-9A30-F7B225AFE6E9}.Debug|Any CPU.Build.0 = Debug|Any CPU
		{3D9FD80C-27E3-455F-9A30-F7B225AFE6E9}.Release|Any CPU.ActiveCfg = Release|Any CPU
		{3D9FD80C-27E3-455F-9A30-F7B225AFE6E9}.Release|Any CPU.Build.0 = Release|Any CPU
		{E65DE1B5-5CD2-47D2-8112-8D1F967AB2BC}.Debug|Any CPU.ActiveCfg = Debug|Any CPU
		{E65DE1B5-5CD2-47D2-8112-8D1F967AB2BC}.Debug|Any CPU.Build.0 = Debug|Any CPU
		{E65DE1B5-5CD2-47D2-8112-8D1F967AB2BC}.Release|Any CPU.ActiveCfg = Release|Any CPU
		{E65DE1B5-5CD2-47D2-8112-8D1F967AB2BC}.Release|Any CPU.Build.0 = Release|Any CPU
		{8149A497-517D-4CF1-BE06-ADC0F07D7C05}.Debug|Any CPU.ActiveCfg = Debug|Any CPU
		{8149A497-517D-4CF1-BE06-ADC0F07D7C05}.Debug|Any CPU.Build.0 = Debug|Any CPU
		{8149A497-517D-4CF1-BE06-ADC0F07D7C05}.Release|Any CPU.ActiveCfg = Release|Any CPU
		{8149A497-517D-4CF1-BE06-ADC0F07D7C05}.Release|Any CPU.Build.0 = Release|Any CPU
		{297227C8-A32F-4C64-8312-6379D5B171AA}.Debug|Any CPU.ActiveCfg = Debug|Any CPU
		{297227C8-A32F-4C64-8312-6379D5B171AA}.Debug|Any CPU.Build.0 = Debug|Any CPU
		{297227C8-A32F-4C64-8312-6379D5B171AA}.Release|Any CPU.ActiveCfg = Release|Any CPU
		{297227C8-A32F-4C64-8312-6379D5B171AA}.Release|Any CPU.Build.0 = Release|Any CPU
		{8D6F9B3A-2D58-4DD1-AA01-A604CD375ED9}.Debug|Any CPU.ActiveCfg = Debug|Any CPU
		{8D6F9B3A-2D58-4DD1-AA01-A604CD375ED9}.Debug|Any CPU.Build.0 = Debug|Any CPU
		{8D6F9B3A-2D58-4DD1-AA01-A604CD375ED9}.Release|Any CPU.ActiveCfg = Release|Any CPU
		{8D6F9B3A-2D58-4DD1-AA01-A604CD375ED9}.Release|Any CPU.Build.0 = Release|Any CPU
	EndGlobalSection
EndGlobal
