
Microsoft Visual Studio Solution File, Format Version 12.00
Project("{FAE04EC0-301F-11D3-BF4B-00C04F79EFBC}") = "Friflo.Json.Burst", "..\Burst\Friflo.Json.Burst.csproj", "{964159AF-9A42-460A-9F7D-87072B0EC30E}"
EndProject
Project("{FAE04EC0-301F-11D3-BF4B-00C04F79EFBC}") = "Unity.Mathematics", "..\..\Unity.Mathematics\src\Unity.Mathematics\Unity.Mathematics.csproj", "{19810344-7387-4155-935F-BDD5CC61F0BF}"
EndProject
Project("{FAE04EC0-301F-11D3-BF4B-00C04F79EFBC}") = "Friflo.Json.Burst.Math", "Friflo.Json.Burst.Math.csproj", "{E9C04744-1599-4219-B60F-54AB8CE10508}"
EndProject
Project("{FAE04EC0-301F-11D3-BF4B-00C04F79EFBC}") = "Friflo.Json.Burst.Math.Tests", "..\Burst.Math.Tests\Friflo.Json.Burst.Math.Tests.csproj", "{07135DE3-D309-4D37-9838-4C5609DDD6C3}"
EndProject
Project("{FAE04EC0-301F-11D3-BF4B-00C04F79EFBC}") = "Friflo.Json.Burst.Math.CodeGen", "..\.Burst.Math.CodeGen\Friflo.Json.Burst.Math.CodeGen.csproj", "{B018A4A6-5045-4B39-9A0C-F6A548AC9D5E}"
EndProject
Global
	GlobalSection(SolutionConfigurationPlatforms) = preSolution
		Debug|Any CPU = Debug|Any CPU
		Release|Any CPU = Release|Any CPU
	EndGlobalSection
	GlobalSection(ProjectConfigurationPlatforms) = postSolution
		{964159AF-9A42-460A-9F7D-87072B0EC30E}.Debug|Any CPU.ActiveCfg = Debug|Any CPU
		{964159AF-9A42-460A-9F7D-87072B0EC30E}.Debug|Any CPU.Build.0 = Debug|Any CPU
		{964159AF-9A42-460A-9F7D-87072B0EC30E}.Release|Any CPU.ActiveCfg = Release|Any CPU
		{964159AF-9A42-460A-9F7D-87072B0EC30E}.Release|Any CPU.Build.0 = Release|Any CPU
		{19810344-7387-4155-935F-BDD5CC61F0BF}.Debug|Any CPU.ActiveCfg = Debug|Any CPU
		{19810344-7387-4155-935F-BDD5CC61F0BF}.Debug|Any CPU.Build.0 = Debug|Any CPU
		{19810344-7387-4155-935F-BDD5CC61F0BF}.Release|Any CPU.ActiveCfg = Release|Any CPU
		{19810344-7387-4155-935F-BDD5CC61F0BF}.Release|Any CPU.Build.0 = Release|Any CPU
		{E9C04744-1599-4219-B60F-54AB8CE10508}.Debug|Any CPU.ActiveCfg = Debug|Any CPU
		{E9C04744-1599-4219-B60F-54AB8CE10508}.Debug|Any CPU.Build.0 = Debug|Any CPU
		{E9C04744-1599-4219-B60F-54AB8CE10508}.Release|Any CPU.ActiveCfg = Release|Any CPU
		{E9C04744-1599-4219-B60F-54AB8CE10508}.Release|Any CPU.Build.0 = Release|Any CPU
		{07135DE3-D309-4D37-9838-4C5609DDD6C3}.Debug|Any CPU.ActiveCfg = Debug|Any CPU
		{07135DE3-D309-4D37-9838-4C5609DDD6C3}.Debug|Any CPU.Build.0 = Debug|Any CPU
		{07135DE3-D309-4D37-9838-4C5609DDD6C3}.Release|Any CPU.ActiveCfg = Release|Any CPU
		{07135DE3-D309-4D37-9838-4C5609DDD6C3}.Release|Any CPU.Build.0 = Release|Any CPU
		{B018A4A6-5045-4B39-9A0C-F6A548AC9D5E}.Debug|Any CPU.ActiveCfg = Debug|Any CPU
		{B018A4A6-5045-4B39-9A0C-F6A548AC9D5E}.Debug|Any CPU.Build.0 = Debug|Any CPU
		{B018A4A6-5045-4B39-9A0C-F6A548AC9D5E}.Release|Any CPU.ActiveCfg = Release|Any CPU
		{B018A4A6-5045-4B39-9A0C-F6A548AC9D5E}.Release|Any CPU.Build.0 = Release|Any CPU
	EndGlobalSection
EndGlobal
